// !$*UTF8*$!
{
	archiveVersion = 1;
	classes = {
	};
	objectVersion = 48;
	objects = {

/* Begin PBXBuildFile section */
		3E7B19B48C8E901E87439F31 /* Pods_Open_Notify_ISS_Times.framework in Frameworks */ = {isa = PBXBuildFile; fileRef = 32C9D525AA3C9335F7A97568 /* Pods_Open_Notify_ISS_Times.framework */; };
		D54A18B8204DC9B10026A6E0 /* AppDelegate.swift in Sources */ = {isa = PBXBuildFile; fileRef = D54A18B7204DC9B10026A6E0 /* AppDelegate.swift */; };
		D54A18BA204DC9B10026A6E0 /* ViewController.swift in Sources */ = {isa = PBXBuildFile; fileRef = D54A18B9204DC9B10026A6E0 /* ViewController.swift */; };
		D54A18BD204DC9B10026A6E0 /* Main.storyboard in Resources */ = {isa = PBXBuildFile; fileRef = D54A18BB204DC9B10026A6E0 /* Main.storyboard */; };
		D54A18BF204DC9B10026A6E0 /* Assets.xcassets in Resources */ = {isa = PBXBuildFile; fileRef = D54A18BE204DC9B10026A6E0 /* Assets.xcassets */; };
		D54A18C2204DC9B10026A6E0 /* LaunchScreen.storyboard in Resources */ = {isa = PBXBuildFile; fileRef = D54A18C0204DC9B10026A6E0 /* LaunchScreen.storyboard */; };
		D54A18CB204E768A0026A6E0 /* Passes.swift in Sources */ = {isa = PBXBuildFile; fileRef = D54A18CA204E768A0026A6E0 /* Passes.swift */; };
		D54A18CF204E76ED0026A6E0 /* PassesListViewCellTableViewCell.swift in Sources */ = {isa = PBXBuildFile; fileRef = D54A18CD204E76ED0026A6E0 /* PassesListViewCellTableViewCell.swift */; };
		D54A18D0204E76ED0026A6E0 /* PassesListViewCellTableViewCell.xib in Resources */ = {isa = PBXBuildFile; fileRef = D54A18CE204E76ED0026A6E0 /* PassesListViewCellTableViewCell.xib */; };
		D54A18D3204E77C40026A6E0 /* ViewController+APICalls.swift in Sources */ = {isa = PBXBuildFile; fileRef = D54A18D2204E77C40026A6E0 /* ViewController+APICalls.swift */; };
		D54A18D6204E91A70026A6E0 /* Utils.swift in Sources */ = {isa = PBXBuildFile; fileRef = D54A18D5204E91A70026A6E0 /* Utils.swift */; };
		D54A18D8204E94840026A6E0 /* LoadingManager.swift in Sources */ = {isa = PBXBuildFile; fileRef = D54A18D7204E94840026A6E0 /* LoadingManager.swift */; };
		D54A190D204ED6DC0026A6E0 /* Open_Notify_ISS_TimesTests.swift in Sources */ = {isa = PBXBuildFile; fileRef = D54A190C204ED6DC0026A6E0 /* Open_Notify_ISS_TimesTests.swift */; };
/* End PBXBuildFile section */

/* Begin PBXContainerItemProxy section */
		D54A190F204ED6DC0026A6E0 /* PBXContainerItemProxy */ = {
			isa = PBXContainerItemProxy;
			containerPortal = D54A18AC204DC9B10026A6E0 /* Project object */;
			proxyType = 1;
			remoteGlobalIDString = D54A18B3204DC9B10026A6E0;
			remoteInfo = "Open-Notify-ISS-Times";
		};
/* End PBXContainerItemProxy section */

/* Begin PBXFileReference section */
		32C9D525AA3C9335F7A97568 /* Pods_Open_Notify_ISS_Times.framework */ = {isa = PBXFileReference; explicitFileType = wrapper.framework; includeInIndex = 0; path = Pods_Open_Notify_ISS_Times.framework; sourceTree = BUILT_PRODUCTS_DIR; };
		505B4FCCF67D0C4401591988 /* Pods-Open-Notify-ISS-Times.release.xcconfig */ = {isa = PBXFileReference; includeInIndex = 1; lastKnownFileType = text.xcconfig; name = "Pods-Open-Notify-ISS-Times.release.xcconfig"; path = "Pods/Target Support Files/Pods-Open-Notify-ISS-Times/Pods-Open-Notify-ISS-Times.release.xcconfig"; sourceTree = "<group>"; };
		8D3381864BC072F3732B629B /* Pods-Open-Notify-ISS-Times.debug.xcconfig */ = {isa = PBXFileReference; includeInIndex = 1; lastKnownFileType = text.xcconfig; name = "Pods-Open-Notify-ISS-Times.debug.xcconfig"; path = "Pods/Target Support Files/Pods-Open-Notify-ISS-Times/Pods-Open-Notify-ISS-Times.debug.xcconfig"; sourceTree = "<group>"; };
		D54A18B4204DC9B10026A6E0 /* Open-Notify-ISS-Times.app */ = {isa = PBXFileReference; explicitFileType = wrapper.application; includeInIndex = 0; path = "Open-Notify-ISS-Times.app"; sourceTree = BUILT_PRODUCTS_DIR; };
		D54A18B7204DC9B10026A6E0 /* AppDelegate.swift */ = {isa = PBXFileReference; lastKnownFileType = sourcecode.swift; path = AppDelegate.swift; sourceTree = "<group>"; };
		D54A18B9204DC9B10026A6E0 /* ViewController.swift */ = {isa = PBXFileReference; lastKnownFileType = sourcecode.swift; path = ViewController.swift; sourceTree = "<group>"; };
		D54A18BC204DC9B10026A6E0 /* Base */ = {isa = PBXFileReference; lastKnownFileType = file.storyboard; name = Base; path = Base.lproj/Main.storyboard; sourceTree = "<group>"; };
		D54A18BE204DC9B10026A6E0 /* Assets.xcassets */ = {isa = PBXFileReference; lastKnownFileType = folder.assetcatalog; path = Assets.xcassets; sourceTree = "<group>"; };
		D54A18C1204DC9B10026A6E0 /* Base */ = {isa = PBXFileReference; lastKnownFileType = file.storyboard; name = Base; path = Base.lproj/LaunchScreen.storyboard; sourceTree = "<group>"; };
		D54A18C3204DC9B10026A6E0 /* Info.plist */ = {isa = PBXFileReference; lastKnownFileType = text.plist.xml; path = Info.plist; sourceTree = "<group>"; };
		D54A18CA204E768A0026A6E0 /* Passes.swift */ = {isa = PBXFileReference; lastKnownFileType = sourcecode.swift; path = Passes.swift; sourceTree = "<group>"; };
		D54A18CD204E76ED0026A6E0 /* PassesListViewCellTableViewCell.swift */ = {isa = PBXFileReference; lastKnownFileType = sourcecode.swift; path = PassesListViewCellTableViewCell.swift; sourceTree = "<group>"; };
		D54A18CE204E76ED0026A6E0 /* PassesListViewCellTableViewCell.xib */ = {isa = PBXFileReference; lastKnownFileType = file.xib; path = PassesListViewCellTableViewCell.xib; sourceTree = "<group>"; };
		D54A18D2204E77C40026A6E0 /* ViewController+APICalls.swift */ = {isa = PBXFileReference; lastKnownFileType = sourcecode.swift; path = "ViewController+APICalls.swift"; sourceTree = "<group>"; };
		D54A18D5204E91A70026A6E0 /* Utils.swift */ = {isa = PBXFileReference; fileEncoding = 4; lastKnownFileType = sourcecode.swift; path = Utils.swift; sourceTree = "<group>"; };
		D54A18D7204E94840026A6E0 /* LoadingManager.swift */ = {isa = PBXFileReference; fileEncoding = 4; lastKnownFileType = sourcecode.swift; path = LoadingManager.swift; sourceTree = "<group>"; };
		D54A190A204ED6DC0026A6E0 /* Open-Notify-ISS-TimesTests.xctest */ = {isa = PBXFileReference; explicitFileType = wrapper.cfbundle; includeInIndex = 0; path = "Open-Notify-ISS-TimesTests.xctest"; sourceTree = BUILT_PRODUCTS_DIR; };
		D54A190C204ED6DC0026A6E0 /* Open_Notify_ISS_TimesTests.swift */ = {isa = PBXFileReference; lastKnownFileType = sourcecode.swift; path = Open_Notify_ISS_TimesTests.swift; sourceTree = "<group>"; };
		D54A190E204ED6DC0026A6E0 /* Info.plist */ = {isa = PBXFileReference; lastKnownFileType = text.plist.xml; path = Info.plist; sourceTree = "<group>"; };
/* End PBXFileReference section */

/* Begin PBXFrameworksBuildPhase section */
		D54A18B1204DC9B10026A6E0 /* Frameworks */ = {
			isa = PBXFrameworksBuildPhase;
			buildActionMask = 2147483647;
			files = (
				3E7B19B48C8E901E87439F31 /* Pods_Open_Notify_ISS_Times.framework in Frameworks */,
			);
			runOnlyForDeploymentPostprocessing = 0;
		};
		D54A1907204ED6DC0026A6E0 /* Frameworks */ = {
			isa = PBXFrameworksBuildPhase;
			buildActionMask = 2147483647;
			files = (
			);
			runOnlyForDeploymentPostprocessing = 0;
		};
/* End PBXFrameworksBuildPhase section */

/* Begin PBXGroup section */
		99183E5B49D8A8FDA9A9841B /* Pods */ = {
			isa = PBXGroup;
			children = (
				8D3381864BC072F3732B629B /* Pods-Open-Notify-ISS-Times.debug.xcconfig */,
				505B4FCCF67D0C4401591988 /* Pods-Open-Notify-ISS-Times.release.xcconfig */,
			);
			name = Pods;
			sourceTree = "<group>";
		};
		D54A18AB204DC9B10026A6E0 = {
			isa = PBXGroup;
			children = (
				D54A18B6204DC9B10026A6E0 /* Open-Notify-ISS-Times */,
				D54A190B204ED6DC0026A6E0 /* Open-Notify-ISS-TimesTests */,
				D54A18B5204DC9B10026A6E0 /* Products */,
				99183E5B49D8A8FDA9A9841B /* Pods */,
				F45B3E5F46E8A9C8C3094646 /* Frameworks */,
			);
			sourceTree = "<group>";
		};
		D54A18B5204DC9B10026A6E0 /* Products */ = {
			isa = PBXGroup;
			children = (
				D54A18B4204DC9B10026A6E0 /* Open-Notify-ISS-Times.app */,
				D54A190A204ED6DC0026A6E0 /* Open-Notify-ISS-TimesTests.xctest */,
			);
			name = Products;
			sourceTree = "<group>";
		};
		D54A18B6204DC9B10026A6E0 /* Open-Notify-ISS-Times */ = {
			isa = PBXGroup;
			children = (
				D54A18B7204DC9B10026A6E0 /* AppDelegate.swift */,
				D54A18B9204DC9B10026A6E0 /* ViewController.swift */,
				D54A18D4204E91940026A6E0 /* Utility */,
				D54A18D1204E77A00026A6E0 /* Network Layer */,
				D54A18CC204E76B70026A6E0 /* View */,
				D54A18C9204E76300026A6E0 /* Model */,
				D54A18BB204DC9B10026A6E0 /* Main.storyboard */,
				D54A18BE204DC9B10026A6E0 /* Assets.xcassets */,
				D54A18C0204DC9B10026A6E0 /* LaunchScreen.storyboard */,
				D54A18C3204DC9B10026A6E0 /* Info.plist */,
			);
			path = "Open-Notify-ISS-Times";
			sourceTree = "<group>";
		};
		D54A18C9204E76300026A6E0 /* Model */ = {
			isa = PBXGroup;
			children = (
				D54A18CA204E768A0026A6E0 /* Passes.swift */,
			);
			path = Model;
			sourceTree = "<group>";
		};
		D54A18CC204E76B70026A6E0 /* View */ = {
			isa = PBXGroup;
			children = (
				D54A18CD204E76ED0026A6E0 /* PassesListViewCellTableViewCell.swift */,
				D54A18CE204E76ED0026A6E0 /* PassesListViewCellTableViewCell.xib */,
			);
			path = View;
			sourceTree = "<group>";
		};
		D54A18D1204E77A00026A6E0 /* Network Layer */ = {
			isa = PBXGroup;
			children = (
				D54A18D2204E77C40026A6E0 /* ViewController+APICalls.swift */,
			);
			path = "Network Layer";
			sourceTree = "<group>";
		};
		D54A18D4204E91940026A6E0 /* Utility */ = {
			isa = PBXGroup;
			children = (
				D54A18D5204E91A70026A6E0 /* Utils.swift */,
				D54A18D7204E94840026A6E0 /* LoadingManager.swift */,
			);
			path = Utility;
			sourceTree = "<group>";
		};
		D54A190B204ED6DC0026A6E0 /* Open-Notify-ISS-TimesTests */ = {
			isa = PBXGroup;
			children = (
				D54A190C204ED6DC0026A6E0 /* Open_Notify_ISS_TimesTests.swift */,
				D54A190E204ED6DC0026A6E0 /* Info.plist */,
			);
			path = "Open-Notify-ISS-TimesTests";
			sourceTree = "<group>";
		};
		F45B3E5F46E8A9C8C3094646 /* Frameworks */ = {
			isa = PBXGroup;
			children = (
				32C9D525AA3C9335F7A97568 /* Pods_Open_Notify_ISS_Times.framework */,
			);
			name = Frameworks;
			sourceTree = "<group>";
		};
/* End PBXGroup section */

/* Begin PBXNativeTarget section */
		D54A18B3204DC9B10026A6E0 /* Open-Notify-ISS-Times */ = {
			isa = PBXNativeTarget;
			buildConfigurationList = D54A18C6204DC9B10026A6E0 /* Build configuration list for PBXNativeTarget "Open-Notify-ISS-Times" */;
			buildPhases = (
				66EADE7774618578D7BCA943 /* [CP] Check Pods Manifest.lock */,
				D54A18B0204DC9B10026A6E0 /* Sources */,
				D54A18B1204DC9B10026A6E0 /* Frameworks */,
				D54A18B2204DC9B10026A6E0 /* Resources */,
				507CADEC0CCE1B8DF926B774 /* [CP] Embed Pods Frameworks */,
				77AAF634E2EF78C43DCC4CD6 /* [CP] Copy Pods Resources */,
			);
			buildRules = (
			);
			dependencies = (
			);
			name = "Open-Notify-ISS-Times";
			productName = "Open-Notify-ISS-Times";
			productReference = D54A18B4204DC9B10026A6E0 /* Open-Notify-ISS-Times.app */;
			productType = "com.apple.product-type.application";
		};
		D54A1909204ED6DC0026A6E0 /* Open-Notify-ISS-TimesTests */ = {
			isa = PBXNativeTarget;
			buildConfigurationList = D54A1913204ED6DC0026A6E0 /* Build configuration list for PBXNativeTarget "Open-Notify-ISS-TimesTests" */;
			buildPhases = (
				D54A1906204ED6DC0026A6E0 /* Sources */,
				D54A1907204ED6DC0026A6E0 /* Frameworks */,
				D54A1908204ED6DC0026A6E0 /* Resources */,
			);
			buildRules = (
			);
			dependencies = (
				D54A1910204ED6DC0026A6E0 /* PBXTargetDependency */,
			);
			name = "Open-Notify-ISS-TimesTests";
			productName = "Open-Notify-ISS-TimesTests";
			productReference = D54A190A204ED6DC0026A6E0 /* Open-Notify-ISS-TimesTests.xctest */;
			productType = "com.apple.product-type.bundle.unit-test";
		};
/* End PBXNativeTarget section */

/* Begin PBXProject section */
		D54A18AC204DC9B10026A6E0 /* Project object */ = {
			isa = PBXProject;
			attributes = {
				LastSwiftUpdateCheck = 0910;
				LastUpgradeCheck = 0910;
				ORGANIZATIONNAME = IBM;
				TargetAttributes = {
					D54A18B3204DC9B10026A6E0 = {
						CreatedOnToolsVersion = 9.1;
						ProvisioningStyle = Manual;
					};
					D54A1909204ED6DC0026A6E0 = {
						CreatedOnToolsVersion = 9.1;
						ProvisioningStyle = Automatic;
						TestTargetID = D54A18B3204DC9B10026A6E0;
					};
				};
			};
			buildConfigurationList = D54A18AF204DC9B10026A6E0 /* Build configuration list for PBXProject "Open-Notify-ISS-Times" */;
			compatibilityVersion = "Xcode 8.0";
			developmentRegion = en;
			hasScannedForEncodings = 0;
			knownRegions = (
				en,
				Base,
			);
			mainGroup = D54A18AB204DC9B10026A6E0;
			productRefGroup = D54A18B5204DC9B10026A6E0 /* Products */;
			projectDirPath = "";
			projectRoot = "";
			targets = (
				D54A18B3204DC9B10026A6E0 /* Open-Notify-ISS-Times */,
				D54A1909204ED6DC0026A6E0 /* Open-Notify-ISS-TimesTests */,
			);
		};
/* End PBXProject section */

/* Begin PBXResourcesBuildPhase section */
		D54A18B2204DC9B10026A6E0 /* Resources */ = {
			isa = PBXResourcesBuildPhase;
			buildActionMask = 2147483647;
			files = (
				D54A18C2204DC9B10026A6E0 /* LaunchScreen.storyboard in Resources */,
				D54A18D0204E76ED0026A6E0 /* PassesListViewCellTableViewCell.xib in Resources */,
				D54A18BF204DC9B10026A6E0 /* Assets.xcassets in Resources */,
				D54A18BD204DC9B10026A6E0 /* Main.storyboard in Resources */,
			);
			runOnlyForDeploymentPostprocessing = 0;
		};
		D54A1908204ED6DC0026A6E0 /* Resources */ = {
			isa = PBXResourcesBuildPhase;
			buildActionMask = 2147483647;
			files = (
			);
			runOnlyForDeploymentPostprocessing = 0;
		};
/* End PBXResourcesBuildPhase section */

/* Begin PBXShellScriptBuildPhase section */
		507CADEC0CCE1B8DF926B774 /* [CP] Embed Pods Frameworks */ = {
			isa = PBXShellScriptBuildPhase;
			buildActionMask = 2147483647;
			files = (
			);
			inputPaths = (
				"${SRCROOT}/Pods/Target Support Files/Pods-Open-Notify-ISS-Times/Pods-Open-Notify-ISS-Times-frameworks.sh",
				"${BUILT_PRODUCTS_DIR}/Alamofire/Alamofire.framework",
			);
			name = "[CP] Embed Pods Frameworks";
			outputPaths = (
				"${TARGET_BUILD_DIR}/${FRAMEWORKS_FOLDER_PATH}/Alamofire.framework",
			);
			runOnlyForDeploymentPostprocessing = 0;
			shellPath = /bin/sh;
			shellScript = "\"${SRCROOT}/Pods/Target Support Files/Pods-Open-Notify-ISS-Times/Pods-Open-Notify-ISS-Times-frameworks.sh\"\n";
			showEnvVarsInLog = 0;
		};
		66EADE7774618578D7BCA943 /* [CP] Check Pods Manifest.lock */ = {
			isa = PBXShellScriptBuildPhase;
			buildActionMask = 2147483647;
			files = (
			);
			inputPaths = (
				"${PODS_PODFILE_DIR_PATH}/Podfile.lock",
				"${PODS_ROOT}/Manifest.lock",
			);
			name = "[CP] Check Pods Manifest.lock";
			outputPaths = (
				"$(DERIVED_FILE_DIR)/Pods-Open-Notify-ISS-Times-checkManifestLockResult.txt",
			);
			runOnlyForDeploymentPostprocessing = 0;
			shellPath = /bin/sh;
			shellScript = "diff \"${PODS_PODFILE_DIR_PATH}/Podfile.lock\" \"${PODS_ROOT}/Manifest.lock\" > /dev/null\nif [ $? != 0 ] ; then\n    # print error to STDERR\n    echo \"error: The sandbox is not in sync with the Podfile.lock. Run 'pod install' or update your CocoaPods installation.\" >&2\n    exit 1\nfi\n# This output is used by Xcode 'outputs' to avoid re-running this script phase.\necho \"SUCCESS\" > \"${SCRIPT_OUTPUT_FILE_0}\"\n";
			showEnvVarsInLog = 0;
		};
		77AAF634E2EF78C43DCC4CD6 /* [CP] Copy Pods Resources */ = {
			isa = PBXShellScriptBuildPhase;
			buildActionMask = 2147483647;
			files = (
			);
			inputPaths = (
			);
			name = "[CP] Copy Pods Resources";
			outputPaths = (
			);
			runOnlyForDeploymentPostprocessing = 0;
			shellPath = /bin/sh;
			shellScript = "\"${SRCROOT}/Pods/Target Support Files/Pods-Open-Notify-ISS-Times/Pods-Open-Notify-ISS-Times-resources.sh\"\n";
			showEnvVarsInLog = 0;
		};
/* End PBXShellScriptBuildPhase section */

/* Begin PBXSourcesBuildPhase section */
		D54A18B0204DC9B10026A6E0 /* Sources */ = {
			isa = PBXSourcesBuildPhase;
			buildActionMask = 2147483647;
			files = (
				D54A18CB204E768A0026A6E0 /* Passes.swift in Sources */,
				D54A18CF204E76ED0026A6E0 /* PassesListViewCellTableViewCell.swift in Sources */,
				D54A18D8204E94840026A6E0 /* LoadingManager.swift in Sources */,
				D54A18D3204E77C40026A6E0 /* ViewController+APICalls.swift in Sources */,
				D54A18BA204DC9B10026A6E0 /* ViewController.swift in Sources */,
				D54A18B8204DC9B10026A6E0 /* AppDelegate.swift in Sources */,
				D54A18D6204E91A70026A6E0 /* Utils.swift in Sources */,
			);
			runOnlyForDeploymentPostprocessing = 0;
		};
		D54A1906204ED6DC0026A6E0 /* Sources */ = {
			isa = PBXSourcesBuildPhase;
			buildActionMask = 2147483647;
			files = (
				D54A190D204ED6DC0026A6E0 /* Open_Notify_ISS_TimesTests.swift in Sources */,
			);
			runOnlyForDeploymentPostprocessing = 0;
		};
/* End PBXSourcesBuildPhase section */

/* Begin PBXTargetDependency section */
		D54A1910204ED6DC0026A6E0 /* PBXTargetDependency */ = {
			isa = PBXTargetDependency;
			target = D54A18B3204DC9B10026A6E0 /* Open-Notify-ISS-Times */;
			targetProxy = D54A190F204ED6DC0026A6E0 /* PBXContainerItemProxy */;
		};
/* End PBXTargetDependency section */

/* Begin PBXVariantGroup section */
		D54A18BB204DC9B10026A6E0 /* Main.storyboard */ = {
			isa = PBXVariantGroup;
			children = (
				D54A18BC204DC9B10026A6E0 /* Base */,
			);
			name = Main.storyboard;
			sourceTree = "<group>";
		};
		D54A18C0204DC9B10026A6E0 /* LaunchScreen.storyboard */ = {
			isa = PBXVariantGroup;
			children = (
				D54A18C1204DC9B10026A6E0 /* Base */,
			);
			name = LaunchScreen.storyboard;
			sourceTree = "<group>";
		};
/* End PBXVariantGroup section */

/* Begin XCBuildConfiguration section */
		D54A18C4204DC9B10026A6E0 /* Debug */ = {
			isa = XCBuildConfiguration;
			buildSettings = {
				ALWAYS_SEARCH_USER_PATHS = NO;
				CLANG_ANALYZER_NONNULL = YES;
				CLANG_ANALYZER_NUMBER_OBJECT_CONVERSION = YES_AGGRESSIVE;
				CLANG_CXX_LANGUAGE_STANDARD = "gnu++14";
				CLANG_CXX_LIBRARY = "libc++";
				CLANG_ENABLE_MODULES = YES;
				CLANG_ENABLE_OBJC_ARC = YES;
				CLANG_WARN_BLOCK_CAPTURE_AUTORELEASING = YES;
				CLANG_WARN_BOOL_CONVERSION = YES;
				CLANG_WARN_COMMA = YES;
				CLANG_WARN_CONSTANT_CONVERSION = YES;
				CLANG_WARN_DIRECT_OBJC_ISA_USAGE = YES_ERROR;
				CLANG_WARN_DOCUMENTATION_COMMENTS = YES;
				CLANG_WARN_EMPTY_BODY = YES;
				CLANG_WARN_ENUM_CONVERSION = YES;
				CLANG_WARN_INFINITE_RECURSION = YES;
				CLANG_WARN_INT_CONVERSION = YES;
				CLANG_WARN_NON_LITERAL_NULL_CONVERSION = YES;
				CLANG_WARN_OBJC_LITERAL_CONVERSION = YES;
				CLANG_WARN_OBJC_ROOT_CLASS = YES_ERROR;
				CLANG_WARN_RANGE_LOOP_ANALYSIS = YES;
				CLANG_WARN_STRICT_PROTOTYPES = YES;
				CLANG_WARN_SUSPICIOUS_MOVE = YES;
				CLANG_WARN_UNGUARDED_AVAILABILITY = YES_AGGRESSIVE;
				CLANG_WARN_UNREACHABLE_CODE = YES;
				CLANG_WARN__DUPLICATE_METHOD_MATCH = YES;
				CODE_SIGN_IDENTITY = "iPhone Developer";
				COPY_PHASE_STRIP = NO;
				DEBUG_INFORMATION_FORMAT = dwarf;
				ENABLE_STRICT_OBJC_MSGSEND = YES;
				ENABLE_TESTABILITY = YES;
				GCC_C_LANGUAGE_STANDARD = gnu11;
				GCC_DYNAMIC_NO_PIC = NO;
				GCC_NO_COMMON_BLOCKS = YES;
				GCC_OPTIMIZATION_LEVEL = 0;
				GCC_PREPROCESSOR_DEFINITIONS = (
					"DEBUG=1",
					"$(inherited)",
				);
				GCC_WARN_64_TO_32_BIT_CONVERSION = YES;
				GCC_WARN_ABOUT_RETURN_TYPE = YES_ERROR;
				GCC_WARN_UNDECLARED_SELECTOR = YES;
				GCC_WARN_UNINITIALIZED_AUTOS = YES_AGGRESSIVE;
				GCC_WARN_UNUSED_FUNCTION = YES;
				GCC_WARN_UNUSED_VARIABLE = YES;
				IPHONEOS_DEPLOYMENT_TARGET = 11.1;
				MTL_ENABLE_DEBUG_INFO = YES;
				ONLY_ACTIVE_ARCH = YES;
				SDKROOT = iphoneos;
				SWIFT_ACTIVE_COMPILATION_CONDITIONS = DEBUG;
				SWIFT_OPTIMIZATION_LEVEL = "-Onone";
			};
			name = Debug;
		};
		D54A18C5204DC9B10026A6E0 /* Release */ = {
			isa = XCBuildConfiguration;
			buildSettings = {
				ALWAYS_SEARCH_USER_PATHS = NO;
				CLANG_ANALYZER_NONNULL = YES;
				CLANG_ANALYZER_NUMBER_OBJECT_CONVERSION = YES_AGGRESSIVE;
				CLANG_CXX_LANGUAGE_STANDARD = "gnu++14";
				CLANG_CXX_LIBRARY = "libc++";
				CLANG_ENABLE_MODULES = YES;
				CLANG_ENABLE_OBJC_ARC = YES;
				CLANG_WARN_BLOCK_CAPTURE_AUTORELEASING = YES;
				CLANG_WARN_BOOL_CONVERSION = YES;
				CLANG_WARN_COMMA = YES;
				CLANG_WARN_CONSTANT_CONVERSION = YES;
				CLANG_WARN_DIRECT_OBJC_ISA_USAGE = YES_ERROR;
				CLANG_WARN_DOCUMENTATION_COMMENTS = YES;
				CLANG_WARN_EMPTY_BODY = YES;
				CLANG_WARN_ENUM_CONVERSION = YES;
				CLANG_WARN_INFINITE_RECURSION = YES;
				CLANG_WARN_INT_CONVERSION = YES;
				CLANG_WARN_NON_LITERAL_NULL_CONVERSION = YES;
				CLANG_WARN_OBJC_LITERAL_CONVERSION = YES;
				CLANG_WARN_OBJC_ROOT_CLASS = YES_ERROR;
				CLANG_WARN_RANGE_LOOP_ANALYSIS = YES;
				CLANG_WARN_STRICT_PROTOTYPES = YES;
				CLANG_WARN_SUSPICIOUS_MOVE = YES;
				CLANG_WARN_UNGUARDED_AVAILABILITY = YES_AGGRESSIVE;
				CLANG_WARN_UNREACHABLE_CODE = YES;
				CLANG_WARN__DUPLICATE_METHOD_MATCH = YES;
				CODE_SIGN_IDENTITY = "iPhone Developer";
				COPY_PHASE_STRIP = NO;
				DEBUG_INFORMATION_FORMAT = "dwarf-with-dsym";
				ENABLE_NS_ASSERTIONS = NO;
				ENABLE_STRICT_OBJC_MSGSEND = YES;
				GCC_C_LANGUAGE_STANDARD = gnu11;
				GCC_NO_COMMON_BLOCKS = YES;
				GCC_WARN_64_TO_32_BIT_CONVERSION = YES;
				GCC_WARN_ABOUT_RETURN_TYPE = YES_ERROR;
				GCC_WARN_UNDECLARED_SELECTOR = YES;
				GCC_WARN_UNINITIALIZED_AUTOS = YES_AGGRESSIVE;
				GCC_WARN_UNUSED_FUNCTION = YES;
				GCC_WARN_UNUSED_VARIABLE = YES;
				IPHONEOS_DEPLOYMENT_TARGET = 11.1;
				MTL_ENABLE_DEBUG_INFO = NO;
				SDKROOT = iphoneos;
				SWIFT_OPTIMIZATION_LEVEL = "-Owholemodule";
				VALIDATE_PRODUCT = YES;
			};
			name = Release;
		};
		D54A18C7204DC9B10026A6E0 /* Debug */ = {
			isa = XCBuildConfiguration;
			baseConfigurationReference = 8D3381864BC072F3732B629B /* Pods-Open-Notify-ISS-Times.debug.xcconfig */;
			buildSettings = {
				ASSETCATALOG_COMPILER_APPICON_NAME = AppIcon;
				"CODE_SIGN_IDENTITY[sdk=iphoneos*]" = "iPhone Developer";
				CODE_SIGN_STYLE = Manual;
				DEVELOPMENT_TEAM = "";
				INFOPLIST_FILE = "Open-Notify-ISS-Times/Info.plist";
				IPHONEOS_DEPLOYMENT_TARGET = 10.0;
				LD_RUNPATH_SEARCH_PATHS = "$(inherited) @executable_path/Frameworks";
				PRODUCT_BUNDLE_IDENTIFIER = com.akbar.com;
				PRODUCT_NAME = "$(TARGET_NAME)";
				PROVISIONING_PROFILE = "";
				PROVISIONING_PROFILE_SPECIFIER = "";
				SWIFT_VERSION = 4.0;
				TARGETED_DEVICE_FAMILY = "1,2";
			};
			name = Debug;
		};
		D54A18C8204DC9B10026A6E0 /* Release */ = {
			isa = XCBuildConfiguration;
			baseConfigurationReference = 505B4FCCF67D0C4401591988 /* Pods-Open-Notify-ISS-Times.release.xcconfig */;
			buildSettings = {
				ASSETCATALOG_COMPILER_APPICON_NAME = AppIcon;
				"CODE_SIGN_IDENTITY[sdk=iphoneos*]" = "iPhone Developer";
				CODE_SIGN_STYLE = Manual;
				DEVELOPMENT_TEAM = "";
				INFOPLIST_FILE = "Open-Notify-ISS-Times/Info.plist";
				IPHONEOS_DEPLOYMENT_TARGET = 10.0;
				LD_RUNPATH_SEARCH_PATHS = "$(inherited) @executable_path/Frameworks";
				PRODUCT_BUNDLE_IDENTIFIER = com.akbar.com;
				PRODUCT_NAME = "$(TARGET_NAME)";
				PROVISIONING_PROFILE = "";
				PROVISIONING_PROFILE_SPECIFIER = "";
				SWIFT_VERSION = 4.0;
				TARGETED_DEVICE_FAMILY = "1,2";
			};
			name = Release;
		};
		D54A1911204ED6DC0026A6E0 /* Debug */ = {
			isa = XCBuildConfiguration;
			buildSettings = {
				BUNDLE_LOADER = "$(TEST_HOST)";
				CODE_SIGN_STYLE = Automatic;
				INFOPLIST_FILE = "Open-Notify-ISS-TimesTests/Info.plist";
				LD_RUNPATH_SEARCH_PATHS = "$(inherited) @executable_path/Frameworks @loader_path/Frameworks";
				PRODUCT_BUNDLE_IDENTIFIER = "com.akbar.com.Open-Notify-ISS-TimesTests";
				PRODUCT_NAME = "$(TARGET_NAME)";
				SWIFT_VERSION = 4.0;
				TARGETED_DEVICE_FAMILY = "1,2";
				TEST_HOST = "$(BUILT_PRODUCTS_DIR)/Open-Notify-ISS-Times.app/Open-Notify-ISS-Times";
			};
			name = Debug;
		};
		D54A1912204ED6DC0026A6E0 /* Release */ = {
			isa = XCBuildConfiguration;
			buildSettings = {
				BUNDLE_LOADER = "$(TEST_HOST)";
				CODE_SIGN_STYLE = Automatic;
				INFOPLIST_FILE = "Open-Notify-ISS-TimesTests/Info.plist";
				LD_RUNPATH_SEARCH_PATHS = "$(inherited) @executable_path/Frameworks @loader_path/Frameworks";
				PRODUCT_BUNDLE_IDENTIFIER = "com.akbar.com.Open-Notify-ISS-TimesTests";
				PRODUCT_NAME = "$(TARGET_NAME)";
				SWIFT_VERSION = 4.0;
				TARGETED_DEVICE_FAMILY = "1,2";
				TEST_HOST = "$(BUILT_PRODUCTS_DIR)/Open-Notify-ISS-Times.app/Open-Notify-ISS-Times";
			};
			name = Release;
		};
/* End XCBuildConfiguration section */

/* Begin XCConfigurationList section */
		D54A18AF204DC9B10026A6E0 /* Build configuration list for PBXProject "Open-Notify-ISS-Times" */ = {
			isa = XCConfigurationList;
			buildConfigurations = (
				D54A18C4204DC9B10026A6E0 /* Debug */,
				D54A18C5204DC9B10026A6E0 /* Release */,
			);
			defaultConfigurationIsVisible = 0;
			defaultConfigurationName = Release;
		};
		D54A18C6204DC9B10026A6E0 /* Build configuration list for PBXNativeTarget "Open-Notify-ISS-Times" */ = {
			isa = XCConfigurationList;
			buildConfigurations = (
				D54A18C7204DC9B10026A6E0 /* Debug */,
				D54A18C8204DC9B10026A6E0 /* Release */,
			);
			defaultConfigurationIsVisible = 0;
			defaultConfigurationName = Release;
		};
		D54A1913204ED6DC0026A6E0 /* Build configuration list for PBXNativeTarget "Open-Notify-ISS-TimesTests" */ = {
			isa = XCConfigurationList;
			buildConfigurations = (
				D54A1911204ED6DC0026A6E0 /* Debug */,
				D54A1912204ED6DC0026A6E0 /* Release */,
			);
			defaultConfigurationIsVisible = 0;
			defaultConfigurationName = Release;
		};
/* End XCConfigurationList section */
	};
	rootObject = D54A18AC204DC9B10026A6E0 /* Project object */;
}
